# This file is automatically @generated by Cargo.
# It is not intended for manual editing.
version = 4

[[package]]
name = "cli"
version = "0.1.0"
dependencies = [
 "common",
]

[[package]]
name = "common"
version = "0.1.0"

[[package]]
name = "engine"
version = "0.1.0"
dependencies = [
 "common",
]

[[package]]
name = "server"
version = "0.1.0"
dependencies = [
 "common",
 "engine",
]
